{
  "requires": true,
  "lockfileVersion": 1,
  "dependencies": {
    "bsc": {
      "version": "2.0.0",
      "resolved": "https://registry.npmjs.org/bsc/-/bsc-2.0.0.tgz",
      "integrity": "sha512-5ZTs34tKRxd6PAyspUexYGIqgYzHTYq8gjFnPD2nULg8Q7mav9vfwoXfF5qySP5PEgBBjj/t2HUDnz36HwBuYQ=="
    }
  }
}
